{
  "name": "ramp-api-sandbox",
  "version": "1.0.0",
  "lockfileVersion": 1,
  "requires": true,
  "dependencies": {
    "ramp-api": {
      "version": "0.0.5",
      "resolved": "https://registry.npmjs.org/ramp-api/-/ramp-api-0.0.5.tgz",
      "integrity": "sha512-41SifZnK1zdo8NkY0VLdKBgdBX/RHwzKcXS7wnqUVvtua5nZptASZ7thlZQaMpaF/TAJjPwqeCWX/A+6HyaNGA=="
    }
  }
}
