{
  "name": "ramp-api-sandbox",
  "version": "1.0.0",
  "lockfileVersion": 1,
  "requires": true,
  "dependencies": {
    "ramp-api": {
      "version": "0.0.8",
      "resolved": "https://registry.npmjs.org/ramp-api/-/ramp-api-0.0.8.tgz",
      "integrity": "sha512-h8hCT67HWIvsZP6JekQ1MG/5k3vi45Dk+SDuzt6QRw4EncF+osAjh1HUYFHXpZQQQpBOA655KTkKPVQ2pbIzlw=="
    }
  }
}
