{
  "name": "ramp-api-sandbox",
  "version": "1.0.0",
  "lockfileVersion": 1,
  "requires": true,
  "dependencies": {
    "ramp-api": {
      "version": "0.0.1",
      "resolved": "https://registry.npmjs.org/ramp-api/-/ramp-api-0.0.1.tgz",
      "integrity": "sha512-YEYLhL5UDOAHXIUfxVTHOoTkwwM5q55RNyRlco2DIxYIy3KdJ7DmI3CfsOh9Vhg02zTjKZ0THleGQxR+G4xQvw=="
    }
  }
}
